// !$*UTF8*$!
{
	archiveVersion = 1;
	classes = {
	};
	objectVersion = 56;
	objects = {

/* Begin PBXBuildFile section */
		875ECE9229CF74EE00FDFC68 /* AppDelegate.swift in Sources */ = {isa = PBXBuildFile; fileRef = 875ECE9129CF74EE00FDFC68 /* AppDelegate.swift */; };
		875ECE9429CF74EE00FDFC68 /* SceneDelegate.swift in Sources */ = {isa = PBXBuildFile; fileRef = 875ECE9329CF74EE00FDFC68 /* SceneDelegate.swift */; };
		875ECE9629CF74EE00FDFC68 /* TodoListViewController.swift in Sources */ = {isa = PBXBuildFile; fileRef = 875ECE9529CF74EE00FDFC68 /* TodoListViewController.swift */; };
		875ECE9929CF74EE00FDFC68 /* Main.storyboard in Resources */ = {isa = PBXBuildFile; fileRef = 875ECE9729CF74EE00FDFC68 /* Main.storyboard */; };
		875ECE9B29CF74EF00FDFC68 /* Assets.xcassets in Resources */ = {isa = PBXBuildFile; fileRef = 875ECE9A29CF74EF00FDFC68 /* Assets.xcassets */; };
		875ECE9E29CF74EF00FDFC68 /* LaunchScreen.storyboard in Resources */ = {isa = PBXBuildFile; fileRef = 875ECE9C29CF74EF00FDFC68 /* LaunchScreen.storyboard */; };
		875ECED129D34BC300FDFC68 /* CategoryViewController.swift in Sources */ = {isa = PBXBuildFile; fileRef = 875ECED029D34BC300FDFC68 /* CategoryViewController.swift */; };
		875ECED429D4420F00FDFC68 /* Realm in Frameworks */ = {isa = PBXBuildFile; productRef = 875ECED329D4420F00FDFC68 /* Realm */; };
		875ECED629D4420F00FDFC68 /* RealmSwift in Frameworks */ = {isa = PBXBuildFile; productRef = 875ECED529D4420F00FDFC68 /* RealmSwift */; };
		875ECEDA29D4505300FDFC68 /* Item.swift in Sources */ = {isa = PBXBuildFile; fileRef = 875ECED929D4505300FDFC68 /* Item.swift */; };
		875ECEDC29D4506000FDFC68 /* Category.swift in Sources */ = {isa = PBXBuildFile; fileRef = 875ECEDB29D4506000FDFC68 /* Category.swift */; };
		875ECEDF29D5B04100FDFC68 /* SwipeCellKit in Frameworks */ = {isa = PBXBuildFile; productRef = 875ECEDE29D5B04100FDFC68 /* SwipeCellKit */; };
		875ECEE429D5CA9600FDFC68 /* SwipeTableViewController.swift in Sources */ = {isa = PBXBuildFile; fileRef = 875ECEE329D5CA9600FDFC68 /* SwipeTableViewController.swift */; };
		875ECEE729D5E18300FDFC68 /* Chameleon in Frameworks */ = {isa = PBXBuildFile; productRef = 875ECEE629D5E18300FDFC68 /* Chameleon */; };
		875ECEE929D5E18300FDFC68 /* ChameleonSwift in Frameworks */ = {isa = PBXBuildFile; productRef = 875ECEE829D5E18300FDFC68 /* ChameleonSwift */; };
/* End PBXBuildFile section */

/* Begin PBXFileReference section */
		875ECE8E29CF74EE00FDFC68 /* Todoey.app */ = {isa = PBXFileReference; explicitFileType = wrapper.application; includeInIndex = 0; path = Todoey.app; sourceTree = BUILT_PRODUCTS_DIR; };
		875ECE9129CF74EE00FDFC68 /* AppDelegate.swift */ = {isa = PBXFileReference; lastKnownFileType = sourcecode.swift; path = AppDelegate.swift; sourceTree = "<group>"; };
		875ECE9329CF74EE00FDFC68 /* SceneDelegate.swift */ = {isa = PBXFileReference; lastKnownFileType = sourcecode.swift; path = SceneDelegate.swift; sourceTree = "<group>"; };
		875ECE9529CF74EE00FDFC68 /* TodoListViewController.swift */ = {isa = PBXFileReference; lastKnownFileType = sourcecode.swift; path = TodoListViewController.swift; sourceTree = "<group>"; };
		875ECE9829CF74EE00FDFC68 /* Base */ = {isa = PBXFileReference; lastKnownFileType = file.storyboard; name = Base; path = Base.lproj/Main.storyboard; sourceTree = "<group>"; };
		875ECE9A29CF74EF00FDFC68 /* Assets.xcassets */ = {isa = PBXFileReference; lastKnownFileType = folder.assetcatalog; path = Assets.xcassets; sourceTree = "<group>"; };
		875ECE9D29CF74EF00FDFC68 /* Base */ = {isa = PBXFileReference; lastKnownFileType = file.storyboard; name = Base; path = Base.lproj/LaunchScreen.storyboard; sourceTree = "<group>"; };
		875ECE9F29CF74EF00FDFC68 /* Info.plist */ = {isa = PBXFileReference; lastKnownFileType = text.plist.xml; path = Info.plist; sourceTree = "<group>"; };
		875ECED029D34BC300FDFC68 /* CategoryViewController.swift */ = {isa = PBXFileReference; lastKnownFileType = sourcecode.swift; path = CategoryViewController.swift; sourceTree = "<group>"; };
		875ECED929D4505300FDFC68 /* Item.swift */ = {isa = PBXFileReference; lastKnownFileType = sourcecode.swift; path = Item.swift; sourceTree = "<group>"; };
		875ECEDB29D4506000FDFC68 /* Category.swift */ = {isa = PBXFileReference; lastKnownFileType = sourcecode.swift; path = Category.swift; sourceTree = "<group>"; };
		875ECEE329D5CA9600FDFC68 /* SwipeTableViewController.swift */ = {isa = PBXFileReference; lastKnownFileType = sourcecode.swift; path = SwipeTableViewController.swift; sourceTree = "<group>"; };
/* End PBXFileReference section */

/* Begin PBXFrameworksBuildPhase section */
		875ECE8B29CF74EE00FDFC68 /* Frameworks */ = {
			isa = PBXFrameworksBuildPhase;
			buildActionMask = 2147483647;
			files = (
				875ECEE929D5E18300FDFC68 /* ChameleonSwift in Frameworks */,
				875ECED629D4420F00FDFC68 /* RealmSwift in Frameworks */,
				875ECEE729D5E18300FDFC68 /* Chameleon in Frameworks */,
				875ECEDF29D5B04100FDFC68 /* SwipeCellKit in Frameworks */,
				875ECED429D4420F00FDFC68 /* Realm in Frameworks */,
			);
			runOnlyForDeploymentPostprocessing = 0;
		};
/* End PBXFrameworksBuildPhase section */

/* Begin PBXGroup section */
		875ECE8529CF74EE00FDFC68 = {
			isa = PBXGroup;
			children = (
				875ECE9029CF74EE00FDFC68 /* Todoey */,
				875ECE8F29CF74EE00FDFC68 /* Products */,
			);
			sourceTree = "<group>";
		};
		875ECE8F29CF74EE00FDFC68 /* Products */ = {
			isa = PBXGroup;
			children = (
				875ECE8E29CF74EE00FDFC68 /* Todoey.app */,
			);
			name = Products;
			sourceTree = "<group>";
		};
		875ECE9029CF74EE00FDFC68 /* Todoey */ = {
			isa = PBXGroup;
			children = (
				875ECE9129CF74EE00FDFC68 /* AppDelegate.swift */,
				875ECE9329CF74EE00FDFC68 /* SceneDelegate.swift */,
				875ECEA529D1D83100FDFC68 /* Model */,
				875ECEA829D1D86800FDFC68 /* Controllers */,
				875ECEA929D1D87400FDFC68 /* Views */,
				875ECE9A29CF74EF00FDFC68 /* Assets.xcassets */,
				875ECE9C29CF74EF00FDFC68 /* LaunchScreen.storyboard */,
				875ECE9F29CF74EF00FDFC68 /* Info.plist */,
			);
			path = Todoey;
			sourceTree = "<group>";
		};
		875ECEA529D1D83100FDFC68 /* Model */ = {
			isa = PBXGroup;
			children = (
				875ECEDB29D4506000FDFC68 /* Category.swift */,
				875ECED929D4505300FDFC68 /* Item.swift */,
			);
			path = Model;
			sourceTree = "<group>";
		};
		875ECEA829D1D86800FDFC68 /* Controllers */ = {
			isa = PBXGroup;
			children = (
				875ECED029D34BC300FDFC68 /* CategoryViewController.swift */,
				875ECE9529CF74EE00FDFC68 /* TodoListViewController.swift */,
				875ECEE329D5CA9600FDFC68 /* SwipeTableViewController.swift */,
			);
			path = Controllers;
			sourceTree = "<group>";
		};
		875ECEA929D1D87400FDFC68 /* Views */ = {
			isa = PBXGroup;
			children = (
				875ECE9729CF74EE00FDFC68 /* Main.storyboard */,
			);
			path = Views;
			sourceTree = "<group>";
		};
/* End PBXGroup section */

/* Begin PBXNativeTarget section */
		875ECE8D29CF74EE00FDFC68 /* Todoey */ = {
			isa = PBXNativeTarget;
			buildConfigurationList = 875ECEA229CF74EF00FDFC68 /* Build configuration list for PBXNativeTarget "Todoey" */;
			buildPhases = (
				875ECE8A29CF74EE00FDFC68 /* Sources */,
				875ECE8B29CF74EE00FDFC68 /* Frameworks */,
				875ECE8C29CF74EE00FDFC68 /* Resources */,
			);
			buildRules = (
			);
			dependencies = (
			);
			name = Todoey;
			packageProductDependencies = (
				875ECED329D4420F00FDFC68 /* Realm */,
				875ECED529D4420F00FDFC68 /* RealmSwift */,
				875ECEDE29D5B04100FDFC68 /* SwipeCellKit */,
				875ECEE629D5E18300FDFC68 /* Chameleon */,
				875ECEE829D5E18300FDFC68 /* ChameleonSwift */,
			);
			productName = Todoey;
			productReference = 875ECE8E29CF74EE00FDFC68 /* Todoey.app */;
			productType = "com.apple.product-type.application";
		};
/* End PBXNativeTarget section */

/* Begin PBXProject section */
		875ECE8629CF74EE00FDFC68 /* Project object */ = {
			isa = PBXProject;
			attributes = {
				BuildIndependentTargetsInParallel = 1;
				LastSwiftUpdateCheck = 1420;
				LastUpgradeCheck = 1420;
				TargetAttributes = {
					875ECE8D29CF74EE00FDFC68 = {
						CreatedOnToolsVersion = 14.2;
					};
				};
			};
			buildConfigurationList = 875ECE8929CF74EE00FDFC68 /* Build configuration list for PBXProject "Todoey" */;
			compatibilityVersion = "Xcode 14.0";
			developmentRegion = en;
			hasScannedForEncodings = 0;
			knownRegions = (
				en,
				Base,
			);
			mainGroup = 875ECE8529CF74EE00FDFC68;
			packageReferences = (
				875ECED229D4420F00FDFC68 /* XCRemoteSwiftPackageReference "realm-swift" */,
				875ECEDD29D5B04100FDFC68 /* XCRemoteSwiftPackageReference "SwipeCellKit" */,
				875ECEE529D5E18300FDFC68 /* XCRemoteSwiftPackageReference "Chameleon" */,
			);
			productRefGroup = 875ECE8F29CF74EE00FDFC68 /* Products */;
			projectDirPath = "";
			projectRoot = "";
			targets = (
				875ECE8D29CF74EE00FDFC68 /* Todoey */,
			);
		};
/* End PBXProject section */

/* Begin PBXResourcesBuildPhase section */
		875ECE8C29CF74EE00FDFC68 /* Resources */ = {
			isa = PBXResourcesBuildPhase;
			buildActionMask = 2147483647;
			files = (
				875ECE9E29CF74EF00FDFC68 /* LaunchScreen.storyboard in Resources */,
				875ECE9B29CF74EF00FDFC68 /* Assets.xcassets in Resources */,
				875ECE9929CF74EE00FDFC68 /* Main.storyboard in Resources */,
			);
			runOnlyForDeploymentPostprocessing = 0;
		};
/* End PBXResourcesBuildPhase section */

/* Begin PBXSourcesBuildPhase section */
		875ECE8A29CF74EE00FDFC68 /* Sources */ = {
			isa = PBXSourcesBuildPhase;
			buildActionMask = 2147483647;
			files = (
				875ECEE429D5CA9600FDFC68 /* SwipeTableViewController.swift in Sources */,
				875ECED129D34BC300FDFC68 /* CategoryViewController.swift in Sources */,
				875ECE9629CF74EE00FDFC68 /* TodoListViewController.swift in Sources */,
				875ECE9229CF74EE00FDFC68 /* AppDelegate.swift in Sources */,
				875ECEDA29D4505300FDFC68 /* Item.swift in Sources */,
				875ECE9429CF74EE00FDFC68 /* SceneDelegate.swift in Sources */,
				875ECEDC29D4506000FDFC68 /* Category.swift in Sources */,
			);
			runOnlyForDeploymentPostprocessing = 0;
		};
/* End PBXSourcesBuildPhase section */

/* Begin PBXVariantGroup section */
		875ECE9729CF74EE00FDFC68 /* Main.storyboard */ = {
			isa = PBXVariantGroup;
			children = (
				875ECE9829CF74EE00FDFC68 /* Base */,
			);
			name = Main.storyboard;
			sourceTree = "<group>";
		};
		875ECE9C29CF74EF00FDFC68 /* LaunchScreen.storyboard */ = {
			isa = PBXVariantGroup;
			children = (
				875ECE9D29CF74EF00FDFC68 /* Base */,
			);
			name = LaunchScreen.storyboard;
			sourceTree = "<group>";
		};
/* End PBXVariantGroup section */

/* Begin XCBuildConfiguration section */
		875ECEA029CF74EF00FDFC68 /* Debug */ = {
			isa = XCBuildConfiguration;
			buildSettings = {
				ALWAYS_SEARCH_USER_PATHS = NO;
				CLANG_ANALYZER_NONNULL = YES;
				CLANG_ANALYZER_NUMBER_OBJECT_CONVERSION = YES_AGGRESSIVE;
				CLANG_CXX_LANGUAGE_STANDARD = "gnu++20";
				CLANG_ENABLE_MODULES = YES;
				CLANG_ENABLE_OBJC_ARC = YES;
				CLANG_ENABLE_OBJC_WEAK = YES;
				CLANG_WARN_BLOCK_CAPTURE_AUTORELEASING = YES;
				CLANG_WARN_BOOL_CONVERSION = YES;
				CLANG_WARN_COMMA = YES;
				CLANG_WARN_CONSTANT_CONVERSION = YES;
				CLANG_WARN_DEPRECATED_OBJC_IMPLEMENTATIONS = YES;
				CLANG_WARN_DIRECT_OBJC_ISA_USAGE = YES_ERROR;
				CLANG_WARN_DOCUMENTATION_COMMENTS = YES;
				CLANG_WARN_EMPTY_BODY = YES;
				CLANG_WARN_ENUM_CONVERSION = YES;
				CLANG_WARN_INFINITE_RECURSION = YES;
				CLANG_WARN_INT_CONVERSION = YES;
				CLANG_WARN_NON_LITERAL_NULL_CONVERSION = YES;
				CLANG_WARN_OBJC_IMPLICIT_RETAIN_SELF = YES;
				CLANG_WARN_OBJC_LITERAL_CONVERSION = YES;
				CLANG_WARN_OBJC_ROOT_CLASS = YES_ERROR;
				CLANG_WARN_QUOTED_INCLUDE_IN_FRAMEWORK_HEADER = YES;
				CLANG_WARN_RANGE_LOOP_ANALYSIS = YES;
				CLANG_WARN_STRICT_PROTOTYPES = YES;
				CLANG_WARN_SUSPICIOUS_MOVE = YES;
				CLANG_WARN_UNGUARDED_AVAILABILITY = YES_AGGRESSIVE;
				CLANG_WARN_UNREACHABLE_CODE = YES;
				CLANG_WARN__DUPLICATE_METHOD_MATCH = YES;
				COPY_PHASE_STRIP = NO;
				DEBUG_INFORMATION_FORMAT = dwarf;
				ENABLE_STRICT_OBJC_MSGSEND = YES;
				ENABLE_TESTABILITY = YES;
				GCC_C_LANGUAGE_STANDARD = gnu11;
				GCC_DYNAMIC_NO_PIC = NO;
				GCC_NO_COMMON_BLOCKS = YES;
				GCC_OPTIMIZATION_LEVEL = 0;
				GCC_PREPROCESSOR_DEFINITIONS = (
					"DEBUG=1",
					"$(inherited)",
				);
				GCC_WARN_64_TO_32_BIT_CONVERSION = YES;
				GCC_WARN_ABOUT_RETURN_TYPE = YES_ERROR;
				GCC_WARN_UNDECLARED_SELECTOR = YES;
				GCC_WARN_UNINITIALIZED_AUTOS = YES_AGGRESSIVE;
				GCC_WARN_UNUSED_FUNCTION = YES;
				GCC_WARN_UNUSED_VARIABLE = YES;
				IPHONEOS_DEPLOYMENT_TARGET = 16.2;
				MTL_ENABLE_DEBUG_INFO = INCLUDE_SOURCE;
				MTL_FAST_MATH = YES;
				ONLY_ACTIVE_ARCH = YES;
				SDKROOT = iphoneos;
				SWIFT_ACTIVE_COMPILATION_CONDITIONS = DEBUG;
				SWIFT_OPTIMIZATION_LEVEL = "-Onone";
			};
			name = Debug;
		};
		875ECEA129CF74EF00FDFC68 /* Release */ = {
			isa = XCBuildConfiguration;
			buildSettings = {
				ALWAYS_SEARCH_USER_PATHS = NO;
				CLANG_ANALYZER_NONNULL = YES;
				CLANG_ANALYZER_NUMBER_OBJECT_CONVERSION = YES_AGGRESSIVE;
				CLANG_CXX_LANGUAGE_STANDARD = "gnu++20";
				CLANG_ENABLE_MODULES = YES;
				CLANG_ENABLE_OBJC_ARC = YES;
				CLANG_ENABLE_OBJC_WEAK = YES;
				CLANG_WARN_BLOCK_CAPTURE_AUTORELEASING = YES;
				CLANG_WARN_BOOL_CONVERSION = YES;
				CLANG_WARN_COMMA = YES;
				CLANG_WARN_CONSTANT_CONVERSION = YES;
				CLANG_WARN_DEPRECATED_OBJC_IMPLEMENTATIONS = YES;
				CLANG_WARN_DIRECT_OBJC_ISA_USAGE = YES_ERROR;
				CLANG_WARN_DOCUMENTATION_COMMENTS = YES;
				CLANG_WARN_EMPTY_BODY = YES;
				CLANG_WARN_ENUM_CONVERSION = YES;
				CLANG_WARN_INFINITE_RECURSION = YES;
				CLANG_WARN_INT_CONVERSION = YES;
				CLANG_WARN_NON_LITERAL_NULL_CONVERSION = YES;
				CLANG_WARN_OBJC_IMPLICIT_RETAIN_SELF = YES;
				CLANG_WARN_OBJC_LITERAL_CONVERSION = YES;
				CLANG_WARN_OBJC_ROOT_CLASS = YES_ERROR;
				CLANG_WARN_QUOTED_INCLUDE_IN_FRAMEWORK_HEADER = YES;
				CLANG_WARN_RANGE_LOOP_ANALYSIS = YES;
				CLANG_WARN_STRICT_PROTOTYPES = YES;
				CLANG_WARN_SUSPICIOUS_MOVE = YES;
				CLANG_WARN_UNGUARDED_AVAILABILITY = YES_AGGRESSIVE;
				CLANG_WARN_UNREACHABLE_CODE = YES;
				CLANG_WARN__DUPLICATE_METHOD_MATCH = YES;
				COPY_PHASE_STRIP = NO;
				DEBUG_INFORMATION_FORMAT = "dwarf-with-dsym";
				ENABLE_NS_ASSERTIONS = NO;
				ENABLE_STRICT_OBJC_MSGSEND = YES;
				GCC_C_LANGUAGE_STANDARD = gnu11;
				GCC_NO_COMMON_BLOCKS = YES;
				GCC_WARN_64_TO_32_BIT_CONVERSION = YES;
				GCC_WARN_ABOUT_RETURN_TYPE = YES_ERROR;
				GCC_WARN_UNDECLARED_SELECTOR = YES;
				GCC_WARN_UNINITIALIZED_AUTOS = YES_AGGRESSIVE;
				GCC_WARN_UNUSED_FUNCTION = YES;
				GCC_WARN_UNUSED_VARIABLE = YES;
				IPHONEOS_DEPLOYMENT_TARGET = 16.2;
				MTL_ENABLE_DEBUG_INFO = NO;
				MTL_FAST_MATH = YES;
				SDKROOT = iphoneos;
				SWIFT_COMPILATION_MODE = wholemodule;
				SWIFT_OPTIMIZATION_LEVEL = "-O";
				VALIDATE_PRODUCT = YES;
			};
			name = Release;
		};
		875ECEA329CF74EF00FDFC68 /* Debug */ = {
			isa = XCBuildConfiguration;
			buildSettings = {
				ASSETCATALOG_COMPILER_APPICON_NAME = AppIcon;
				ASSETCATALOG_COMPILER_GLOBAL_ACCENT_COLOR_NAME = AccentColor;
				CODE_SIGN_STYLE = Automatic;
				CURRENT_PROJECT_VERSION = 1;
				GENERATE_INFOPLIST_FILE = YES;
				INFOPLIST_FILE = Todoey/Info.plist;
				INFOPLIST_KEY_UIApplicationSupportsIndirectInputEvents = YES;
				INFOPLIST_KEY_UILaunchStoryboardName = LaunchScreen;
				INFOPLIST_KEY_UIMainStoryboardFile = Main;
				INFOPLIST_KEY_UISupportedInterfaceOrientations_iPad = "UIInterfaceOrientationPortrait UIInterfaceOrientationPortraitUpsideDown UIInterfaceOrientationLandscapeLeft UIInterfaceOrientationLandscapeRight";
				INFOPLIST_KEY_UISupportedInterfaceOrientations_iPhone = "UIInterfaceOrientationPortrait UIInterfaceOrientationLandscapeLeft UIInterfaceOrientationLandscapeRight";
				IPHONEOS_DEPLOYMENT_TARGET = 16.0;
				LD_RUNPATH_SEARCH_PATHS = (
					"$(inherited)",
					"@executable_path/Frameworks",
				);
				MARKETING_VERSION = 1.0;
				PRODUCT_BUNDLE_IDENTIFIER = com.ojidaemo.Todoey;
				PRODUCT_NAME = "$(TARGET_NAME)";
				SWIFT_EMIT_LOC_STRINGS = YES;
				SWIFT_VERSION = 5.0;
				TARGETED_DEVICE_FAMILY = "1,2";
			};
			name = Debug;
		};
		875ECEA429CF74EF00FDFC68 /* Release */ = {
			isa = XCBuildConfiguration;
			buildSettings = {
				ASSETCATALOG_COMPILER_APPICON_NAME = AppIcon;
				ASSETCATALOG_COMPILER_GLOBAL_ACCENT_COLOR_NAME = AccentColor;
				CODE_SIGN_STYLE = Automatic;
				CURRENT_PROJECT_VERSION = 1;
				GENERATE_INFOPLIST_FILE = YES;
				INFOPLIST_FILE = Todoey/Info.plist;
				INFOPLIST_KEY_UIApplicationSupportsIndirectInputEvents = YES;
				INFOPLIST_KEY_UILaunchStoryboardName = LaunchScreen;
				INFOPLIST_KEY_UIMainStoryboardFile = Main;
				INFOPLIST_KEY_UISupportedInterfaceOrientations_iPad = "UIInterfaceOrientationPortrait UIInterfaceOrientationPortraitUpsideDown UIInterfaceOrientationLandscapeLeft UIInterfaceOrientationLandscapeRight";
				INFOPLIST_KEY_UISupportedInterfaceOrientations_iPhone = "UIInterfaceOrientationPortrait UIInterfaceOrientationLandscapeLeft UIInterfaceOrientationLandscapeRight";
				IPHONEOS_DEPLOYMENT_TARGET = 16.0;
				LD_RUNPATH_SEARCH_PATHS = (
					"$(inherited)",
					"@executable_path/Frameworks",
				);
				MARKETING_VERSION = 1.0;
				PRODUCT_BUNDLE_IDENTIFIER = com.ojidaemo.Todoey;
				PRODUCT_NAME = "$(TARGET_NAME)";
				SWIFT_EMIT_LOC_STRINGS = YES;
				SWIFT_VERSION = 5.0;
				TARGETED_DEVICE_FAMILY = "1,2";
			};
			name = Release;
		};
/* End XCBuildConfiguration section */

/* Begin XCConfigurationList section */
		875ECE8929CF74EE00FDFC68 /* Build configuration list for PBXProject "Todoey" */ = {
			isa = XCConfigurationList;
			buildConfigurations = (
				875ECEA029CF74EF00FDFC68 /* Debug */,
				875ECEA129CF74EF00FDFC68 /* Release */,
			);
			defaultConfigurationIsVisible = 0;
			defaultConfigurationName = Release;
		};
		875ECEA229CF74EF00FDFC68 /* Build configuration list for PBXNativeTarget "Todoey" */ = {
			isa = XCConfigurationList;
			buildConfigurations = (
				875ECEA329CF74EF00FDFC68 /* Debug */,
				875ECEA429CF74EF00FDFC68 /* Release */,
			);
			defaultConfigurationIsVisible = 0;
			defaultConfigurationName = Release;
		};
/* End XCConfigurationList section */

/* Begin XCRemoteSwiftPackageReference section */
		875ECED229D4420F00FDFC68 /* XCRemoteSwiftPackageReference "realm-swift" */ = {
			isa = XCRemoteSwiftPackageReference;
			repositoryURL = "https://github.com/realm/realm-swift.git";
			requirement = {
				kind = upToNextMajorVersion;
				minimumVersion = 10.37.1;
			};
		};
		875ECEDD29D5B04100FDFC68 /* XCRemoteSwiftPackageReference "SwipeCellKit" */ = {
			isa = XCRemoteSwiftPackageReference;
			repositoryURL = "https://github.com/SwipeCellKit/SwipeCellKit";
			requirement = {
				branch = develop;
				kind = branch;
			};
		};
		875ECEE529D5E18300FDFC68 /* XCRemoteSwiftPackageReference "Chameleon" */ = {
			isa = XCRemoteSwiftPackageReference;
			repositoryURL = "https://github.com/dwsdolce/Chameleon.git";
			requirement = {
				kind = upToNextMajorVersion;
				minimumVersion = 2.0.0;
			};
		};
/* End XCRemoteSwiftPackageReference section */

/* Begin XCSwiftPackageProductDependency section */
		875ECED329D4420F00FDFC68 /* Realm */ = {
			isa = XCSwiftPackageProductDependency;
			package = 875ECED229D4420F00FDFC68 /* XCRemoteSwiftPackageReference "realm-swift" */;
			productName = Realm;
		};
		875ECED529D4420F00FDFC68 /* RealmSwift */ = {
			isa = XCSwiftPackageProductDependency;
			package = 875ECED229D4420F00FDFC68 /* XCRemoteSwiftPackageReference "realm-swift" */;
			productName = RealmSwift;
		};
		875ECEDE29D5B04100FDFC68 /* SwipeCellKit */ = {
			isa = XCSwiftPackageProductDependency;
			package = 875ECEDD29D5B04100FDFC68 /* XCRemoteSwiftPackageReference "SwipeCellKit" */;
			productName = SwipeCellKit;
		};
		875ECEE629D5E18300FDFC68 /* Chameleon */ = {
			isa = XCSwiftPackageProductDependency;
			package = 875ECEE529D5E18300FDFC68 /* XCRemoteSwiftPackageReference "Chameleon" */;
			productName = Chameleon;
		};
		875ECEE829D5E18300FDFC68 /* ChameleonSwift */ = {
			isa = XCSwiftPackageProductDependency;
			package = 875ECEE529D5E18300FDFC68 /* XCRemoteSwiftPackageReference "Chameleon" */;
			productName = ChameleonSwift;
		};
/* End XCSwiftPackageProductDependency section */
	};
	rootObject = 875ECE8629CF74EE00FDFC68 /* Project object */;
}
